PODS:
  - SnapKit (4.0.1)

DEPENDENCIES:
  - SnapKit (~> 4.0.0)

SPEC REPOS:
  https://mirrors.tuna.tsinghua.edu.cn/git/CocoaPods/Specs.git:
    - SnapKit

SPEC CHECKSUMS:
  SnapKit: 0de968a9fec17499afa29683b05d0c775b6d1c29

PODFILE CHECKSUM: a2888cd60bdf1f656df2d4894473af7f65af72bf

COCOAPODS: 1.10.1
